// !$*UTF8*$!
{
	archiveVersion = 1;
	classes = {
	};
	objectVersion = 46;
	objects = {

/* Begin PBXBuildFile section */
		769F9891005C9CA74CD0A44E /* Pods_HOBY_WLC_2017.framework in Frameworks */ = {isa = PBXBuildFile; fileRef = 5CB44461A0F696B631EFA109 /* Pods_HOBY_WLC_2017.framework */; };
		83D93C3C1EC62A8B00636693 /* AppDelegate.swift in Sources */ = {isa = PBXBuildFile; fileRef = 83D93C3B1EC62A8B00636693 /* AppDelegate.swift */; };
		83D93C3E1EC62A8B00636693 /* ClockViewController.swift in Sources */ = {isa = PBXBuildFile; fileRef = 83D93C3D1EC62A8B00636693 /* ClockViewController.swift */; };
		83D93C401EC62A8B00636693 /* MessageViewController.swift in Sources */ = {isa = PBXBuildFile; fileRef = 83D93C3F1EC62A8B00636693 /* MessageViewController.swift */; };
		83D93C431EC62A8B00636693 /* Main.storyboard in Resources */ = {isa = PBXBuildFile; fileRef = 83D93C411EC62A8B00636693 /* Main.storyboard */; };
		83D93C451EC62A8B00636693 /* Assets.xcassets in Resources */ = {isa = PBXBuildFile; fileRef = 83D93C441EC62A8B00636693 /* Assets.xcassets */; };
		83D93C481EC62A8B00636693 /* LaunchScreen.storyboard in Resources */ = {isa = PBXBuildFile; fileRef = 83D93C461EC62A8B00636693 /* LaunchScreen.storyboard */; };
		83D93C521EC62BF800636693 /* GoogleService-Info.plist in Resources */ = {isa = PBXBuildFile; fileRef = 83D93C511EC62BF800636693 /* GoogleService-Info.plist */; };
		83D93C541EC6302B00636693 /* ScheduleViewController.swift in Sources */ = {isa = PBXBuildFile; fileRef = 83D93C531EC6302B00636693 /* ScheduleViewController.swift */; };
/* End PBXBuildFile section */

/* Begin PBXFileReference section */
		30BFA5A8051476883E681D9B /* Pods-HOBY WLC 2017.release.xcconfig */ = {isa = PBXFileReference; includeInIndex = 1; lastKnownFileType = text.xcconfig; name = "Pods-HOBY WLC 2017.release.xcconfig"; path = "Pods/Target Support Files/Pods-HOBY WLC 2017/Pods-HOBY WLC 2017.release.xcconfig"; sourceTree = "<group>"; };
		5CB44461A0F696B631EFA109 /* Pods_HOBY_WLC_2017.framework */ = {isa = PBXFileReference; explicitFileType = wrapper.framework; includeInIndex = 0; path = Pods_HOBY_WLC_2017.framework; sourceTree = BUILT_PRODUCTS_DIR; };
		83D93C381EC62A8B00636693 /* HOBY WLC 2017.app */ = {isa = PBXFileReference; explicitFileType = wrapper.application; includeInIndex = 0; path = "HOBY WLC 2017.app"; sourceTree = BUILT_PRODUCTS_DIR; };
		83D93C3B1EC62A8B00636693 /* AppDelegate.swift */ = {isa = PBXFileReference; lastKnownFileType = sourcecode.swift; path = AppDelegate.swift; sourceTree = "<group>"; };
		83D93C3D1EC62A8B00636693 /* ClockViewController.swift */ = {isa = PBXFileReference; lastKnownFileType = sourcecode.swift; path = ClockViewController.swift; sourceTree = "<group>"; };
		83D93C3F1EC62A8B00636693 /* MessageViewController.swift */ = {isa = PBXFileReference; lastKnownFileType = sourcecode.swift; path = MessageViewController.swift; sourceTree = "<group>"; };
		83D93C421EC62A8B00636693 /* Base */ = {isa = PBXFileReference; lastKnownFileType = file.storyboard; name = Base; path = Base.lproj/Main.storyboard; sourceTree = "<group>"; };
		83D93C441EC62A8B00636693 /* Assets.xcassets */ = {isa = PBXFileReference; lastKnownFileType = folder.assetcatalog; path = Assets.xcassets; sourceTree = "<group>"; };
		83D93C471EC62A8B00636693 /* Base */ = {isa = PBXFileReference; lastKnownFileType = file.storyboard; name = Base; path = Base.lproj/LaunchScreen.storyboard; sourceTree = "<group>"; };
		83D93C491EC62A8B00636693 /* Info.plist */ = {isa = PBXFileReference; lastKnownFileType = text.plist.xml; path = Info.plist; sourceTree = "<group>"; };
		83D93C511EC62BF800636693 /* GoogleService-Info.plist */ = {isa = PBXFileReference; fileEncoding = 4; lastKnownFileType = text.plist.xml; path = "GoogleService-Info.plist"; sourceTree = "<group>"; };
		83D93C531EC6302B00636693 /* ScheduleViewController.swift */ = {isa = PBXFileReference; fileEncoding = 4; lastKnownFileType = sourcecode.swift; path = ScheduleViewController.swift; sourceTree = "<group>"; };
		9EA99F639DDECB10FF9A1A6D /* Pods-HOBY WLC 2017.debug.xcconfig */ = {isa = PBXFileReference; includeInIndex = 1; lastKnownFileType = text.xcconfig; name = "Pods-HOBY WLC 2017.debug.xcconfig"; path = "Pods/Target Support Files/Pods-HOBY WLC 2017/Pods-HOBY WLC 2017.debug.xcconfig"; sourceTree = "<group>"; };
/* End PBXFileReference section */

/* Begin PBXFrameworksBuildPhase section */
		83D93C351EC62A8B00636693 /* Frameworks */ = {
			isa = PBXFrameworksBuildPhase;
			buildActionMask = 2147483647;
			files = (
				769F9891005C9CA74CD0A44E /* Pods_HOBY_WLC_2017.framework in Frameworks */,
			);
			runOnlyForDeploymentPostprocessing = 0;
		};
/* End PBXFrameworksBuildPhase section */

/* Begin PBXGroup section */
		4F8593CE3D5652DA10710F0F /* Pods */ = {
			isa = PBXGroup;
			children = (
				9EA99F639DDECB10FF9A1A6D /* Pods-HOBY WLC 2017.debug.xcconfig */,
				30BFA5A8051476883E681D9B /* Pods-HOBY WLC 2017.release.xcconfig */,
			);
			name = Pods;
			sourceTree = "<group>";
		};
		83D93C2F1EC62A8B00636693 = {
			isa = PBXGroup;
			children = (
				83D93C3A1EC62A8B00636693 /* HOBY WLC 2017 */,
				83D93C391EC62A8B00636693 /* Products */,
				4F8593CE3D5652DA10710F0F /* Pods */,
				D7A9647840F42D64A9DA30EB /* Frameworks */,
			);
			sourceTree = "<group>";
		};
		83D93C391EC62A8B00636693 /* Products */ = {
			isa = PBXGroup;
			children = (
				83D93C381EC62A8B00636693 /* HOBY WLC 2017.app */,
			);
			name = Products;
			sourceTree = "<group>";
		};
		83D93C3A1EC62A8B00636693 /* HOBY WLC 2017 */ = {
			isa = PBXGroup;
			children = (
				83D93C3B1EC62A8B00636693 /* AppDelegate.swift */,
				83D93C3D1EC62A8B00636693 /* ClockViewController.swift */,
				83D93C3F1EC62A8B00636693 /* MessageViewController.swift */,
				83D93C411EC62A8B00636693 /* Main.storyboard */,
				83D93C531EC6302B00636693 /* ScheduleViewController.swift */,
				83D93C441EC62A8B00636693 /* Assets.xcassets */,
				83D93C461EC62A8B00636693 /* LaunchScreen.storyboard */,
				83D93C491EC62A8B00636693 /* Info.plist */,
				83D93C511EC62BF800636693 /* GoogleService-Info.plist */,
			);
			path = "HOBY WLC 2017";
			sourceTree = "<group>";
		};
		D7A9647840F42D64A9DA30EB /* Frameworks */ = {
			isa = PBXGroup;
			children = (
				5CB44461A0F696B631EFA109 /* Pods_HOBY_WLC_2017.framework */,
			);
			name = Frameworks;
			sourceTree = "<group>";
		};
/* End PBXGroup section */

/* Begin PBXNativeTarget section */
		83D93C371EC62A8B00636693 /* HOBY WLC 2017 */ = {
			isa = PBXNativeTarget;
			buildConfigurationList = 83D93C4C1EC62A8B00636693 /* Build configuration list for PBXNativeTarget "HOBY WLC 2017" */;
			buildPhases = (
				27CA5BB9489574377500BA29 /* [CP] Check Pods Manifest.lock */,
				83D93C341EC62A8B00636693 /* Sources */,
				83D93C351EC62A8B00636693 /* Frameworks */,
				83D93C361EC62A8B00636693 /* Resources */,
				6FF8C49326FD7D9DEC053E24 /* [CP] Embed Pods Frameworks */,
				FDB4D1DD7DFAD92F289EEFAE /* [CP] Copy Pods Resources */,
			);
			buildRules = (
			);
			dependencies = (
			);
			name = "HOBY WLC 2017";
			productName = "HOBY WLC 2017";
			productReference = 83D93C381EC62A8B00636693 /* HOBY WLC 2017.app */;
			productType = "com.apple.product-type.application";
		};
/* End PBXNativeTarget section */

/* Begin PBXProject section */
		83D93C301EC62A8B00636693 /* Project object */ = {
			isa = PBXProject;
			attributes = {
				LastSwiftUpdateCheck = 0830;
				LastUpgradeCheck = 0830;
				ORGANIZATIONNAME = "Christopher Feltner";
				TargetAttributes = {
					83D93C371EC62A8B00636693 = {
						CreatedOnToolsVersion = 8.3.2;
						DevelopmentTeam = A47892JV82;
						ProvisioningStyle = Automatic;
					};
				};
			};
			buildConfigurationList = 83D93C331EC62A8B00636693 /* Build configuration list for PBXProject "HOBY WLC 2017" */;
			compatibilityVersion = "Xcode 3.2";
			developmentRegion = English;
			hasScannedForEncodings = 0;
			knownRegions = (
				en,
				Base,
			);
			mainGroup = 83D93C2F1EC62A8B00636693;
			productRefGroup = 83D93C391EC62A8B00636693 /* Products */;
			projectDirPath = "";
			projectRoot = "";
			targets = (
				83D93C371EC62A8B00636693 /* HOBY WLC 2017 */,
			);
		};
/* End PBXProject section */

/* Begin PBXResourcesBuildPhase section */
		83D93C361EC62A8B00636693 /* Resources */ = {
			isa = PBXResourcesBuildPhase;
			buildActionMask = 2147483647;
			files = (
				83D93C481EC62A8B00636693 /* LaunchScreen.storyboard in Resources */,
				83D93C521EC62BF800636693 /* GoogleService-Info.plist in Resources */,
				83D93C451EC62A8B00636693 /* Assets.xcassets in Resources */,
				83D93C431EC62A8B00636693 /* Main.storyboard in Resources */,
			);
			runOnlyForDeploymentPostprocessing = 0;
		};
/* End PBXResourcesBuildPhase section */

/* Begin PBXShellScriptBuildPhase section */
		27CA5BB9489574377500BA29 /* [CP] Check Pods Manifest.lock */ = {
			isa = PBXShellScriptBuildPhase;
			buildActionMask = 2147483647;
			files = (
			);
			inputPaths = (
			);
			name = "[CP] Check Pods Manifest.lock";
			outputPaths = (
			);
			runOnlyForDeploymentPostprocessing = 0;
			shellPath = /bin/sh;
			shellScript = "diff \"${PODS_ROOT}/../Podfile.lock\" \"${PODS_ROOT}/Manifest.lock\" > /dev/null\nif [ $? != 0 ] ; then\n    # print error to STDERR\n    echo \"error: The sandbox is not in sync with the Podfile.lock. Run 'pod install' or update your CocoaPods installation.\" >&2\n    exit 1\nfi\n";
			showEnvVarsInLog = 0;
		};
		6FF8C49326FD7D9DEC053E24 /* [CP] Embed Pods Frameworks */ = {
			isa = PBXShellScriptBuildPhase;
			buildActionMask = 2147483647;
			files = (
			);
			inputPaths = (
			);
			name = "[CP] Embed Pods Frameworks";
			outputPaths = (
			);
			runOnlyForDeploymentPostprocessing = 0;
			shellPath = /bin/sh;
			shellScript = "\"${SRCROOT}/Pods/Target Support Files/Pods-HOBY WLC 2017/Pods-HOBY WLC 2017-frameworks.sh\"\n";
			showEnvVarsInLog = 0;
		};
		FDB4D1DD7DFAD92F289EEFAE /* [CP] Copy Pods Resources */ = {
			isa = PBXShellScriptBuildPhase;
			buildActionMask = 2147483647;
			files = (
			);
			inputPaths = (
			);
			name = "[CP] Copy Pods Resources";
			outputPaths = (
			);
			runOnlyForDeploymentPostprocessing = 0;
			shellPath = /bin/sh;
			shellScript = "\"${SRCROOT}/Pods/Target Support Files/Pods-HOBY WLC 2017/Pods-HOBY WLC 2017-resources.sh\"\n";
			showEnvVarsInLog = 0;
		};
/* End PBXShellScriptBuildPhase section */

/* Begin PBXSourcesBuildPhase section */
		83D93C341EC62A8B00636693 /* Sources */ = {
			isa = PBXSourcesBuildPhase;
			buildActionMask = 2147483647;
			files = (
				83D93C401EC62A8B00636693 /* MessageViewController.swift in Sources */,
				83D93C3C1EC62A8B00636693 /* AppDelegate.swift in Sources */,
				83D93C3E1EC62A8B00636693 /* ClockViewController.swift in Sources */,
				83D93C541EC6302B00636693 /* ScheduleViewController.swift in Sources */,
			);
			runOnlyForDeploymentPostprocessing = 0;
		};
/* End PBXSourcesBuildPhase section */

/* Begin PBXVariantGroup section */
		83D93C411EC62A8B00636693 /* Main.storyboard */ = {
			isa = PBXVariantGroup;
			children = (
				83D93C421EC62A8B00636693 /* Base */,
			);
			name = Main.storyboard;
			sourceTree = "<group>";
		};
		83D93C461EC62A8B00636693 /* LaunchScreen.storyboard */ = {
			isa = PBXVariantGroup;
			children = (
				83D93C471EC62A8B00636693 /* Base */,
			);
			name = LaunchScreen.storyboard;
			sourceTree = "<group>";
		};
/* End PBXVariantGroup section */

/* Begin XCBuildConfiguration section */
		83D93C4A1EC62A8B00636693 /* Debug */ = {
			isa = XCBuildConfiguration;
			buildSettings = {
				ALWAYS_SEARCH_USER_PATHS = NO;
				CLANG_ANALYZER_NONNULL = YES;
				CLANG_ANALYZER_NUMBER_OBJECT_CONVERSION = YES_AGGRESSIVE;
				CLANG_CXX_LANGUAGE_STANDARD = "gnu++0x";
				CLANG_CXX_LIBRARY = "libc++";
				CLANG_ENABLE_MODULES = YES;
				CLANG_ENABLE_OBJC_ARC = YES;
				CLANG_WARN_BOOL_CONVERSION = YES;
				CLANG_WARN_CONSTANT_CONVERSION = YES;
				CLANG_WARN_DIRECT_OBJC_ISA_USAGE = YES_ERROR;
				CLANG_WARN_DOCUMENTATION_COMMENTS = YES;
				CLANG_WARN_EMPTY_BODY = YES;
				CLANG_WARN_ENUM_CONVERSION = YES;
				CLANG_WARN_INFINITE_RECURSION = YES;
				CLANG_WARN_INT_CONVERSION = YES;
				CLANG_WARN_OBJC_ROOT_CLASS = YES_ERROR;
				CLANG_WARN_SUSPICIOUS_MOVE = YES;
				CLANG_WARN_UNREACHABLE_CODE = YES;
				CLANG_WARN__DUPLICATE_METHOD_MATCH = YES;
				"CODE_SIGN_IDENTITY[sdk=iphoneos*]" = "iPhone Developer";
				COPY_PHASE_STRIP = NO;
				DEBUG_INFORMATION_FORMAT = dwarf;
				ENABLE_STRICT_OBJC_MSGSEND = YES;
				ENABLE_TESTABILITY = YES;
				GCC_C_LANGUAGE_STANDARD = gnu99;
				GCC_DYNAMIC_NO_PIC = NO;
				GCC_NO_COMMON_BLOCKS = YES;
				GCC_OPTIMIZATION_LEVEL = 0;
				GCC_PREPROCESSOR_DEFINITIONS = (
					"DEBUG=1",
					"$(inherited)",
				);
				GCC_WARN_64_TO_32_BIT_CONVERSION = YES;
				GCC_WARN_ABOUT_RETURN_TYPE = YES_ERROR;
				GCC_WARN_UNDECLARED_SELECTOR = YES;
				GCC_WARN_UNINITIALIZED_AUTOS = YES_AGGRESSIVE;
				GCC_WARN_UNUSED_FUNCTION = YES;
				GCC_WARN_UNUSED_VARIABLE = YES;
				IPHONEOS_DEPLOYMENT_TARGET = 10.3;
				MTL_ENABLE_DEBUG_INFO = YES;
				ONLY_ACTIVE_ARCH = YES;
				SDKROOT = iphoneos;
				SWIFT_ACTIVE_COMPILATION_CONDITIONS = DEBUG;
				SWIFT_OPTIMIZATION_LEVEL = "-Onone";
				TARGETED_DEVICE_FAMILY = "1,2";
			};
			name = Debug;
		};
		83D93C4B1EC62A8B00636693 /* Release */ = {
			isa = XCBuildConfiguration;
			buildSettings = {
				ALWAYS_SEARCH_USER_PATHS = NO;
				CLANG_ANALYZER_NONNULL = YES;
				CLANG_ANALYZER_NUMBER_OBJECT_CONVERSION = YES_AGGRESSIVE;
				CLANG_CXX_LANGUAGE_STANDARD = "gnu++0x";
				CLANG_CXX_LIBRARY = "libc++";
				CLANG_ENABLE_MODULES = YES;
				CLANG_ENABLE_OBJC_ARC = YES;
				CLANG_WARN_BOOL_CONVERSION = YES;
				CLANG_WARN_CONSTANT_CONVERSION = YES;
				CLANG_WARN_DIRECT_OBJC_ISA_USAGE = YES_ERROR;
				CLANG_WARN_DOCUMENTATION_COMMENTS = YES;
				CLANG_WARN_EMPTY_BODY = YES;
				CLANG_WARN_ENUM_CONVERSION = YES;
				CLANG_WARN_INFINITE_RECURSION = YES;
				CLANG_WARN_INT_CONVERSION = YES;
				CLANG_WARN_OBJC_ROOT_CLASS = YES_ERROR;
				CLANG_WARN_SUSPICIOUS_MOVE = YES;
				CLANG_WARN_UNREACHABLE_CODE = YES;
				CLANG_WARN__DUPLICATE_METHOD_MATCH = YES;
				"CODE_SIGN_IDENTITY[sdk=iphoneos*]" = "iPhone Developer";
				COPY_PHASE_STRIP = NO;
				DEBUG_INFORMATION_FORMAT = "dwarf-with-dsym";
				ENABLE_NS_ASSERTIONS = NO;
				ENABLE_STRICT_OBJC_MSGSEND = YES;
				GCC_C_LANGUAGE_STANDARD = gnu99;
				GCC_NO_COMMON_BLOCKS = YES;
				GCC_WARN_64_TO_32_BIT_CONVERSION = YES;
				GCC_WARN_ABOUT_RETURN_TYPE = YES_ERROR;
				GCC_WARN_UNDECLARED_SELECTOR = YES;
				GCC_WARN_UNINITIALIZED_AUTOS = YES_AGGRESSIVE;
				GCC_WARN_UNUSED_FUNCTION = YES;
				GCC_WARN_UNUSED_VARIABLE = YES;
				IPHONEOS_DEPLOYMENT_TARGET = 10.3;
				MTL_ENABLE_DEBUG_INFO = NO;
				SDKROOT = iphoneos;
				SWIFT_OPTIMIZATION_LEVEL = "-Owholemodule";
				TARGETED_DEVICE_FAMILY = "1,2";
				VALIDATE_PRODUCT = YES;
			};
			name = Release;
		};
		83D93C4D1EC62A8B00636693 /* Debug */ = {
			isa = XCBuildConfiguration;
			baseConfigurationReference = 9EA99F639DDECB10FF9A1A6D /* Pods-HOBY WLC 2017.debug.xcconfig */;
			buildSettings = {
				ASSETCATALOG_COMPILER_APPICON_NAME = AppIcon;
				DEVELOPMENT_TEAM = A47892JV82;
				INFOPLIST_FILE = "HOBY WLC 2017/Info.plist";
				LD_RUNPATH_SEARCH_PATHS = "$(inherited) @executable_path/Frameworks";
				PRODUCT_BUNDLE_IDENTIFIER = "c.HOBY-WLC-2017";
				PRODUCT_NAME = "$(TARGET_NAME)";
				SWIFT_VERSION = 3.0;
			};
			name = Debug;
		};
		83D93C4E1EC62A8B00636693 /* Release */ = {
			isa = XCBuildConfiguration;
			baseConfigurationReference = 30BFA5A8051476883E681D9B /* Pods-HOBY WLC 2017.release.xcconfig */;
			buildSettings = {
				ASSETCATALOG_COMPILER_APPICON_NAME = AppIcon;
				DEVELOPMENT_TEAM = A47892JV82;
				INFOPLIST_FILE = "HOBY WLC 2017/Info.plist";
				LD_RUNPATH_SEARCH_PATHS = "$(inherited) @executable_path/Frameworks";
				PRODUCT_BUNDLE_IDENTIFIER = "c.HOBY-WLC-2017";
				PRODUCT_NAME = "$(TARGET_NAME)";
				SWIFT_VERSION = 3.0;
			};
			name = Release;
		};
/* End XCBuildConfiguration section */

/* Begin XCConfigurationList section */
		83D93C331EC62A8B00636693 /* Build configuration list for PBXProject "HOBY WLC 2017" */ = {
			isa = XCConfigurationList;
			buildConfigurations = (
				83D93C4A1EC62A8B00636693 /* Debug */,
				83D93C4B1EC62A8B00636693 /* Release */,
			);
			defaultConfigurationIsVisible = 0;
			defaultConfigurationName = Release;
		};
		83D93C4C1EC62A8B00636693 /* Build configuration list for PBXNativeTarget "HOBY WLC 2017" */ = {
			isa = XCConfigurationList;
			buildConfigurations = (
				83D93C4D1EC62A8B00636693 /* Debug */,
				83D93C4E1EC62A8B00636693 /* Release */,
			);
			defaultConfigurationIsVisible = 0;
			defaultConfigurationName = Release;
		};
/* End XCConfigurationList section */
	};
	rootObject = 83D93C301EC62A8B00636693 /* Project object */;
}
